// !$*UTF8*$!
{
	archiveVersion = 1;
	classes = {
	};
	objectVersion = 56;
	objects = {

/* Begin PBXBuildFile section */
		CF4772692A4EC546006C2181 /* RealityKitContent in Frameworks */ = {isa = PBXBuildFile; productRef = CF4772682A4EC546006C2181 /* RealityKitContent */; };
		CF47726B2A4EC546006C2181 /* MarsRoversVisionApp.swift in Sources */ = {isa = PBXBuildFile; fileRef = CF47726A2A4EC546006C2181 /* MarsRoversVisionApp.swift */; };
		CF47726D2A4EC546006C2181 /* ContentView.swift in Sources */ = {isa = PBXBuildFile; fileRef = CF47726C2A4EC546006C2181 /* ContentView.swift */; };
		CF4772712A4EC548006C2181 /* Assets.xcassets in Resources */ = {isa = PBXBuildFile; fileRef = CF4772702A4EC548006C2181 /* Assets.xcassets */; };
		CF4772742A4EC548006C2181 /* Preview Assets.xcassets in Resources */ = {isa = PBXBuildFile; fileRef = CF4772732A4EC548006C2181 /* Preview Assets.xcassets */; };
		CF47727B2A4EC59D006C2181 /* RoverObjectView.swift in Sources */ = {isa = PBXBuildFile; fileRef = CF47727A2A4EC59D006C2181 /* RoverObjectView.swift */; };
		CF47727D2A4EC665006C2181 /* Rover.swift in Sources */ = {isa = PBXBuildFile; fileRef = CF47727C2A4EC665006C2181 /* Rover.swift */; };
/* End PBXBuildFile section */

/* Begin PBXFileReference section */
		CF4772632A4EC546006C2181 /* MarsRoversVision.app */ = {isa = PBXFileReference; explicitFileType = wrapper.application; includeInIndex = 0; path = MarsRoversVision.app; sourceTree = BUILT_PRODUCTS_DIR; };
		CF4772672A4EC546006C2181 /* RealityKitContent */ = {isa = PBXFileReference; lastKnownFileType = wrapper; path = RealityKitContent; sourceTree = "<group>"; };
		CF47726A2A4EC546006C2181 /* MarsRoversVisionApp.swift */ = {isa = PBXFileReference; lastKnownFileType = sourcecode.swift; path = MarsRoversVisionApp.swift; sourceTree = "<group>"; };
		CF47726C2A4EC546006C2181 /* ContentView.swift */ = {isa = PBXFileReference; lastKnownFileType = sourcecode.swift; path = ContentView.swift; sourceTree = "<group>"; };
		CF4772702A4EC548006C2181 /* Assets.xcassets */ = {isa = PBXFileReference; lastKnownFileType = folder.assetcatalog; path = Assets.xcassets; sourceTree = "<group>"; };
		CF4772732A4EC548006C2181 /* Preview Assets.xcassets */ = {isa = PBXFileReference; lastKnownFileType = folder.assetcatalog; path = "Preview Assets.xcassets"; sourceTree = "<group>"; };
		CF47727A2A4EC59D006C2181 /* RoverObjectView.swift */ = {isa = PBXFileReference; lastKnownFileType = sourcecode.swift; path = RoverObjectView.swift; sourceTree = "<group>"; };
		CF47727C2A4EC665006C2181 /* Rover.swift */ = {isa = PBXFileReference; lastKnownFileType = sourcecode.swift; path = Rover.swift; sourceTree = "<group>"; };
		CF47727E2A4ECC71006C2181 /* README.md */ = {isa = PBXFileReference; lastKnownFileType = net.daringfireball.markdown; path = README.md; sourceTree = "<group>"; };
/* End PBXFileReference section */

/* Begin PBXFrameworksBuildPhase section */
		CF4772602A4EC546006C2181 /* Frameworks */ = {
			isa = PBXFrameworksBuildPhase;
			buildActionMask = 2147483647;
			files = (
				CF4772692A4EC546006C2181 /* RealityKitContent in Frameworks */,
			);
			runOnlyForDeploymentPostprocessing = 0;
		};
/* End PBXFrameworksBuildPhase section */

/* Begin PBXGroup section */
		CF47725A2A4EC546006C2181 = {
			isa = PBXGroup;
			children = (
				CF47727E2A4ECC71006C2181 /* README.md */,
				CF4772652A4EC546006C2181 /* MarsRoversVision */,
				CF4772662A4EC546006C2181 /* Packages */,
				CF4772642A4EC546006C2181 /* Products */,
			);
			sourceTree = "<group>";
		};
		CF4772642A4EC546006C2181 /* Products */ = {
			isa = PBXGroup;
			children = (
				CF4772632A4EC546006C2181 /* MarsRoversVision.app */,
			);
			name = Products;
			sourceTree = "<group>";
		};
		CF4772652A4EC546006C2181 /* MarsRoversVision */ = {
			isa = PBXGroup;
			children = (
				CF47726A2A4EC546006C2181 /* MarsRoversVisionApp.swift */,
				CF47726C2A4EC546006C2181 /* ContentView.swift */,
				CF47727A2A4EC59D006C2181 /* RoverObjectView.swift */,
				CF47727C2A4EC665006C2181 /* Rover.swift */,
				CF4772702A4EC548006C2181 /* Assets.xcassets */,
				CF4772722A4EC548006C2181 /* Preview Content */,
			);
			path = MarsRoversVision;
			sourceTree = "<group>";
		};
		CF4772662A4EC546006C2181 /* Packages */ = {
			isa = PBXGroup;
			children = (
				CF4772672A4EC546006C2181 /* RealityKitContent */,
			);
			path = Packages;
			sourceTree = "<group>";
		};
		CF4772722A4EC548006C2181 /* Preview Content */ = {
			isa = PBXGroup;
			children = (
				CF4772732A4EC548006C2181 /* Preview Assets.xcassets */,
			);
			path = "Preview Content";
			sourceTree = "<group>";
		};
/* End PBXGroup section */

/* Begin PBXNativeTarget section */
		CF4772622A4EC546006C2181 /* MarsRoversVision */ = {
			isa = PBXNativeTarget;
			buildConfigurationList = CF4772772A4EC548006C2181 /* Build configuration list for PBXNativeTarget "MarsRoversVision" */;
			buildPhases = (
				CF47725F2A4EC546006C2181 /* Sources */,
				CF4772602A4EC546006C2181 /* Frameworks */,
				CF4772612A4EC546006C2181 /* Resources */,
			);
			buildRules = (
			);
			dependencies = (
			);
			name = MarsRoversVision;
			packageProductDependencies = (
				CF4772682A4EC546006C2181 /* RealityKitContent */,
			);
			productName = MarsRoversVision;
			productReference = CF4772632A4EC546006C2181 /* MarsRoversVision.app */;
			productType = "com.apple.product-type.application";
		};
/* End PBXNativeTarget section */

/* Begin PBXProject section */
		CF47725B2A4EC546006C2181 /* Project object */ = {
			isa = PBXProject;
			attributes = {
				BuildIndependentTargetsInParallel = 1;
				LastSwiftUpdateCheck = 1500;
				LastUpgradeCheck = 1500;
				TargetAttributes = {
					CF4772622A4EC546006C2181 = {
						CreatedOnToolsVersion = 15.0;
					};
				};
			};
			buildConfigurationList = CF47725E2A4EC546006C2181 /* Build configuration list for PBXProject "MarsRoversVision" */;
			compatibilityVersion = "Xcode 14.0";
			developmentRegion = en;
			hasScannedForEncodings = 0;
			knownRegions = (
				en,
				Base,
			);
			mainGroup = CF47725A2A4EC546006C2181;
			productRefGroup = CF4772642A4EC546006C2181 /* Products */;
			projectDirPath = "";
			projectRoot = "";
			targets = (
				CF4772622A4EC546006C2181 /* MarsRoversVision */,
			);
		};
/* End PBXProject section */

/* Begin PBXResourcesBuildPhase section */
		CF4772612A4EC546006C2181 /* Resources */ = {
			isa = PBXResourcesBuildPhase;
			buildActionMask = 2147483647;
			files = (
				CF4772742A4EC548006C2181 /* Preview Assets.xcassets in Resources */,
				CF4772712A4EC548006C2181 /* Assets.xcassets in Resources */,
			);
			runOnlyForDeploymentPostprocessing = 0;
		};
/* End PBXResourcesBuildPhase section */

/* Begin PBXSourcesBuildPhase section */
		CF47725F2A4EC546006C2181 /* Sources */ = {
			isa = PBXSourcesBuildPhase;
			buildActionMask = 2147483647;
			files = (
				CF47727D2A4EC665006C2181 /* Rover.swift in Sources */,
				CF47727B2A4EC59D006C2181 /* RoverObjectView.swift in Sources */,
				CF47726D2A4EC546006C2181 /* ContentView.swift in Sources */,
				CF47726B2A4EC546006C2181 /* MarsRoversVisionApp.swift in Sources */,
			);
			runOnlyForDeploymentPostprocessing = 0;
		};
/* End PBXSourcesBuildPhase section */

/* Begin XCBuildConfiguration section */
		CF4772752A4EC548006C2181 /* Debug */ = {
			isa = XCBuildConfiguration;
			buildSettings = {
				ALWAYS_SEARCH_USER_PATHS = NO;
				ASSETCATALOG_COMPILER_GENERATE_SWIFT_ASSET_SYMBOL_EXTENSIONS = YES;
				CLANG_ANALYZER_NONNULL = YES;
				CLANG_ANALYZER_NUMBER_OBJECT_CONVERSION = YES_AGGRESSIVE;
				CLANG_CXX_LANGUAGE_STANDARD = "gnu++20";
				CLANG_ENABLE_MODULES = YES;
				CLANG_ENABLE_OBJC_ARC = YES;
				CLANG_ENABLE_OBJC_WEAK = YES;
				CLANG_WARN_BLOCK_CAPTURE_AUTORELEASING = YES;
				CLANG_WARN_BOOL_CONVERSION = YES;
				CLANG_WARN_COMMA = YES;
				CLANG_WARN_CONSTANT_CONVERSION = YES;
				CLANG_WARN_DEPRECATED_OBJC_IMPLEMENTATIONS = YES;
				CLANG_WARN_DIRECT_OBJC_ISA_USAGE = YES_ERROR;
				CLANG_WARN_DOCUMENTATION_COMMENTS = YES;
				CLANG_WARN_EMPTY_BODY = YES;
				CLANG_WARN_ENUM_CONVERSION = YES;
				CLANG_WARN_INFINITE_RECURSION = YES;
				CLANG_WARN_INT_CONVERSION = YES;
				CLANG_WARN_NON_LITERAL_NULL_CONVERSION = YES;
				CLANG_WARN_OBJC_IMPLICIT_RETAIN_SELF = YES;
				CLANG_WARN_OBJC_LITERAL_CONVERSION = YES;
				CLANG_WARN_OBJC_ROOT_CLASS = YES_ERROR;
				CLANG_WARN_QUOTED_INCLUDE_IN_FRAMEWORK_HEADER = YES;
				CLANG_WARN_RANGE_LOOP_ANALYSIS = YES;
				CLANG_WARN_STRICT_PROTOTYPES = YES;
				CLANG_WARN_SUSPICIOUS_MOVE = YES;
				CLANG_WARN_UNGUARDED_AVAILABILITY = YES_AGGRESSIVE;
				CLANG_WARN_UNREACHABLE_CODE = YES;
				CLANG_WARN__DUPLICATE_METHOD_MATCH = YES;
				COPY_PHASE_STRIP = NO;
				DEBUG_INFORMATION_FORMAT = dwarf;
				ENABLE_STRICT_OBJC_MSGSEND = YES;
				ENABLE_TESTABILITY = YES;
				ENABLE_USER_SCRIPT_SANDBOXING = YES;
				GCC_C_LANGUAGE_STANDARD = gnu17;
				GCC_DYNAMIC_NO_PIC = NO;
				GCC_NO_COMMON_BLOCKS = YES;
				GCC_OPTIMIZATION_LEVEL = 0;
				GCC_PREPROCESSOR_DEFINITIONS = (
					"DEBUG=1",
					"$(inherited)",
				);
				GCC_WARN_64_TO_32_BIT_CONVERSION = YES;
				GCC_WARN_ABOUT_RETURN_TYPE = YES_ERROR;
				GCC_WARN_UNDECLARED_SELECTOR = YES;
				GCC_WARN_UNINITIALIZED_AUTOS = YES_AGGRESSIVE;
				GCC_WARN_UNUSED_FUNCTION = YES;
				GCC_WARN_UNUSED_VARIABLE = YES;
				LOCALIZATION_PREFERS_STRING_CATALOGS = YES;
				MTL_ENABLE_DEBUG_INFO = INCLUDE_SOURCE;
				MTL_FAST_MATH = YES;
				ONLY_ACTIVE_ARCH = YES;
				SDKROOT = xros;
				SWIFT_ACTIVE_COMPILATION_CONDITIONS = "DEBUG $(inherited)";
				SWIFT_OPTIMIZATION_LEVEL = "-Onone";
				XROS_DEPLOYMENT_TARGET = 1.0;
			};
			name = Debug;
		};
		CF4772762A4EC548006C2181 /* Release */ = {
			isa = XCBuildConfiguration;
			buildSettings = {
				ALWAYS_SEARCH_USER_PATHS = NO;
				ASSETCATALOG_COMPILER_GENERATE_SWIFT_ASSET_SYMBOL_EXTENSIONS = YES;
				CLANG_ANALYZER_NONNULL = YES;
				CLANG_ANALYZER_NUMBER_OBJECT_CONVERSION = YES_AGGRESSIVE;
				CLANG_CXX_LANGUAGE_STANDARD = "gnu++20";
				CLANG_ENABLE_MODULES = YES;
				CLANG_ENABLE_OBJC_ARC = YES;
				CLANG_ENABLE_OBJC_WEAK = YES;
				CLANG_WARN_BLOCK_CAPTURE_AUTORELEASING = YES;
				CLANG_WARN_BOOL_CONVERSION = YES;
				CLANG_WARN_COMMA = YES;
				CLANG_WARN_CONSTANT_CONVERSION = YES;
				CLANG_WARN_DEPRECATED_OBJC_IMPLEMENTATIONS = YES;
				CLANG_WARN_DIRECT_OBJC_ISA_USAGE = YES_ERROR;
				CLANG_WARN_DOCUMENTATION_COMMENTS = YES;
				CLANG_WARN_EMPTY_BODY = YES;
				CLANG_WARN_ENUM_CONVERSION = YES;
				CLANG_WARN_INFINITE_RECURSION = YES;
				CLANG_WARN_INT_CONVERSION = YES;
				CLANG_WARN_NON_LITERAL_NULL_CONVERSION = YES;
				CLANG_WARN_OBJC_IMPLICIT_RETAIN_SELF = YES;
				CLANG_WARN_OBJC_LITERAL_CONVERSION = YES;
				CLANG_WARN_OBJC_ROOT_CLASS = YES_ERROR;
				CLANG_WARN_QUOTED_INCLUDE_IN_FRAMEWORK_HEADER = YES;
				CLANG_WARN_RANGE_LOOP_ANALYSIS = YES;
				CLANG_WARN_STRICT_PROTOTYPES = YES;
				CLANG_WARN_SUSPICIOUS_MOVE = YES;
				CLANG_WARN_UNGUARDED_AVAILABILITY = YES_AGGRESSIVE;
				CLANG_WARN_UNREACHABLE_CODE = YES;
				CLANG_WARN__DUPLICATE_METHOD_MATCH = YES;
				COPY_PHASE_STRIP = NO;
				DEBUG_INFORMATION_FORMAT = "dwarf-with-dsym";
				ENABLE_NS_ASSERTIONS = NO;
				ENABLE_STRICT_OBJC_MSGSEND = YES;
				ENABLE_USER_SCRIPT_SANDBOXING = YES;
				GCC_C_LANGUAGE_STANDARD = gnu17;
				GCC_NO_COMMON_BLOCKS = YES;
				GCC_WARN_64_TO_32_BIT_CONVERSION = YES;
				GCC_WARN_ABOUT_RETURN_TYPE = YES_ERROR;
				GCC_WARN_UNDECLARED_SELECTOR = YES;
				GCC_WARN_UNINITIALIZED_AUTOS = YES_AGGRESSIVE;
				GCC_WARN_UNUSED_FUNCTION = YES;
				GCC_WARN_UNUSED_VARIABLE = YES;
				LOCALIZATION_PREFERS_STRING_CATALOGS = YES;
				MTL_ENABLE_DEBUG_INFO = NO;
				MTL_FAST_MATH = YES;
				SDKROOT = xros;
				SWIFT_COMPILATION_MODE = wholemodule;
				VALIDATE_PRODUCT = YES;
				XROS_DEPLOYMENT_TARGET = 1.0;
			};
			name = Release;
		};
		CF4772782A4EC548006C2181 /* Debug */ = {
			isa = XCBuildConfiguration;
			buildSettings = {
				ASSETCATALOG_COMPILER_APPICON_NAME = AppIcon;
				ASSETCATALOG_COMPILER_GLOBAL_ACCENT_COLOR_NAME = AccentColor;
				CODE_SIGN_STYLE = Automatic;
				CURRENT_PROJECT_VERSION = 1;
				DEVELOPMENT_ASSET_PATHS = "\"MarsRoversVision/Preview Content\"";
				ENABLE_PREVIEWS = YES;
				GENERATE_INFOPLIST_FILE = YES;
				INFOPLIST_KEY_UIApplicationSceneManifest_Generation = YES;
				LD_RUNPATH_SEARCH_PATHS = (
					"$(inherited)",
					"@executable_path/Frameworks",
				);
				MARKETING_VERSION = 1.0;
				PRODUCT_BUNDLE_IDENTIFIER = it.AlessioRubicini.MarsRoversVision;
				PRODUCT_NAME = "$(TARGET_NAME)";
				SUPPORTED_PLATFORMS = "xros xrsimulator";
				SWIFT_EMIT_LOC_STRINGS = YES;
				SWIFT_VERSION = 5.0;
				TARGETED_DEVICE_FAMILY = "1,2,7";
			};
			name = Debug;
		};
		CF4772792A4EC548006C2181 /* Release */ = {
			isa = XCBuildConfiguration;
			buildSettings = {
				ASSETCATALOG_COMPILER_APPICON_NAME = AppIcon;
				ASSETCATALOG_COMPILER_GLOBAL_ACCENT_COLOR_NAME = AccentColor;
				CODE_SIGN_STYLE = Automatic;
				CURRENT_PROJECT_VERSION = 1;
				DEVELOPMENT_ASSET_PATHS = "\"MarsRoversVision/Preview Content\"";
				ENABLE_PREVIEWS = YES;
				GENERATE_INFOPLIST_FILE = YES;
				INFOPLIST_KEY_UIApplicationSceneManifest_Generation = YES;
				LD_RUNPATH_SEARCH_PATHS = (
					"$(inherited)",
					"@executable_path/Frameworks",
				);
				MARKETING_VERSION = 1.0;
				PRODUCT_BUNDLE_IDENTIFIER = it.AlessioRubicini.MarsRoversVision;
				PRODUCT_NAME = "$(TARGET_NAME)";
				SUPPORTED_PLATFORMS = "xros xrsimulator";
				SWIFT_EMIT_LOC_STRINGS = YES;
				SWIFT_VERSION = 5.0;
				TARGETED_DEVICE_FAMILY = "1,2,7";
			};
			name = Release;
		};
/* End XCBuildConfiguration section */

/* Begin XCConfigurationList section */
		CF47725E2A4EC546006C2181 /* Build configuration list for PBXProject "MarsRoversVision" */ = {
			isa = XCConfigurationList;
			buildConfigurations = (
				CF4772752A4EC548006C2181 /* Debug */,
				CF4772762A4EC548006C2181 /* Release */,
			);
			defaultConfigurationIsVisible = 0;
			defaultConfigurationName = Release;
		};
		CF4772772A4EC548006C2181 /* Build configuration list for PBXNativeTarget "MarsRoversVision" */ = {
			isa = XCConfigurationList;
			buildConfigurations = (
				CF4772782A4EC548006C2181 /* Debug */,
				CF4772792A4EC548006C2181 /* Release */,
			);
			defaultConfigurationIsVisible = 0;
			defaultConfigurationName = Release;
		};
/* End XCConfigurationList section */

/* Begin XCSwiftPackageProductDependency section */
		CF4772682A4EC546006C2181 /* RealityKitContent */ = {
			isa = XCSwiftPackageProductDependency;
			productName = RealityKitContent;
		};
/* End XCSwiftPackageProductDependency section */
	};
	rootObject = CF47725B2A4EC546006C2181 /* Project object */;
}
